
Microsoft Visual Studio Solution File, Format Version 12.00
# Visual Studio Version 17
VisualStudioVersion = 17.5.002.0
MinimumVisualStudioVersion = 10.0.40219.1
Project("{9A19103F-16F7-4668-BE54-9A1E7A4F7556}") = "EmployeeManagementAPI", "EmployeeManagementAPI.csproj", "{4E564E95-77F8-49BA-8899-DA3F65E9E3B7}"
EndProject
Global
	GlobalSection(SolutionConfigurationPlatforms) = preSolution
		Debug|Any CPU = Debug|Any CPU
		Release|Any CPU = Release|Any CPU
	EndGlobalSection
	GlobalSection(ProjectConfigurationPlatforms) = postSolution
		{4E564E95-77F8-49BA-8899-DA3F65E9E3B7}.Debug|Any CPU.ActiveCfg = Debug|Any CPU
		{4E564E95-77F8-49BA-8899-DA3F65E9E3B7}.Debug|Any CPU.Build.0 = Debug|Any CPU
		{4E564E95-77F8-49BA-8899-DA3F65E9E3B7}.Release|Any CPU.ActiveCfg = Release|Any CPU
		{4E564E95-77F8-49BA-8899-DA3F65E9E3B7}.Release|Any CPU.Build.0 = Release|Any CPU
	EndGlobalSection
	GlobalSection(SolutionProperties) = preSolution
		HideSolutionNode = FALSE
	EndGlobalSection
	GlobalSection(ExtensibilityGlobals) = postSolution
		SolutionGuid = {C57D4A1A-ACE5-4B24-8982-26173C8EE5AD}
	EndGlobalSection
EndGlobal
